
Microsoft Visual Studio Solution File, Format Version 12.00
# Visual Studio Version 16
VisualStudioVersion = 16.0.28822.285
MinimumVisualStudioVersion = 10.0.40219.1
Project("{2150E333-8FDC-42A3-9474-1A3956D46DE8}") = "src", "src", "{E2F60848-D35A-4266-9E7E-1F60AAA321D9}"
EndProject
Project("{9A19103F-16F7-4668-BE54-9A1E7A4F7556}") = "Eventuate", "src\Eventuate\Eventuate.csproj", "{0FF96330-5CB5-4907-9149-906B508C3242}"
EndProject
Project("{9A19103F-16F7-4668-BE54-9A1E7A4F7556}") = "Eventuate.Tests", "src\Eventuate.Tests\Eventuate.Tests.csproj", "{2991001F-D288-4039-8F8B-7099CD5822A4}"
EndProject
Project("{FAE04EC0-301F-11D3-BF4B-00C04F79EFBC}") = "Eventuate.Tests.MultiNode", "src\Eventuate.Tests.MultiNode\Eventuate.Tests.MultiNode.csproj", "{12B5F0CA-ECAC-49AE-9FC1-85BD1EDD5A9D}"
EndProject
Project("{FAE04EC0-301F-11D3-BF4B-00C04F79EFBC}") = "Eventuate.Cassandra", "src\Eventuate.Cassandra\Eventuate.Cassandra.csproj", "{0685F524-104D-48CA-BA8B-8BD1B67BF96A}"
EndProject
Project("{2150E333-8FDC-42A3-9474-1A3956D46DE8}") = "stores", "stores", "{510CE68A-00DE-4317-897F-31F5D93EA69C}"
EndProject
Project("{FAE04EC0-301F-11D3-BF4B-00C04F79EFBC}") = "Eventuate.Sql", "src\Eventuate.Sql\Eventuate.Sql.csproj", "{668D4D83-E0D0-4B02-9CF7-906F99846117}"
EndProject
Project("{FAE04EC0-301F-11D3-BF4B-00C04F79EFBC}") = "Eventuate.Cassandra.Tests", "src\Eventuate.Cassandra.Tests\Eventuate.Cassandra.Tests.csproj", "{85C1DE41-DB80-4BE0-9BD6-FE47C40CCF75}"
EndProject
Project("{FAE04EC0-301F-11D3-BF4B-00C04F79EFBC}") = "Eventuate.Rocks", "src\Eventuate.Rocks\Eventuate.Rocks.csproj", "{5D9357F7-65E4-4331-B985-FA2E0376DEF2}"
EndProject
Project("{FAE04EC0-301F-11D3-BF4B-00C04F79EFBC}") = "Eventuate.Rocks.Tests", "src\Eventuate.Rocks.Tests\Eventuate.Rocks.Tests.csproj", "{239154F6-1D7B-491E-A263-2FA0661C177E}"
EndProject
Global
	GlobalSection(SolutionConfigurationPlatforms) = preSolution
		Debug|Any CPU = Debug|Any CPU
		Release|Any CPU = Release|Any CPU
	EndGlobalSection
	GlobalSection(ProjectConfigurationPlatforms) = postSolution
		{0FF96330-5CB5-4907-9149-906B508C3242}.Debug|Any CPU.ActiveCfg = Debug|Any CPU
		{0FF96330-5CB5-4907-9149-906B508C3242}.Debug|Any CPU.Build.0 = Debug|Any CPU
		{0FF96330-5CB5-4907-9149-906B508C3242}.Release|Any CPU.ActiveCfg = Release|Any CPU
		{0FF96330-5CB5-4907-9149-906B508C3242}.Release|Any CPU.Build.0 = Release|Any CPU
		{2991001F-D288-4039-8F8B-7099CD5822A4}.Debug|Any CPU.ActiveCfg = Debug|Any CPU
		{2991001F-D288-4039-8F8B-7099CD5822A4}.Debug|Any CPU.Build.0 = Debug|Any CPU
		{2991001F-D288-4039-8F8B-7099CD5822A4}.Release|Any CPU.ActiveCfg = Release|Any CPU
		{2991001F-D288-4039-8F8B-7099CD5822A4}.Release|Any CPU.Build.0 = Release|Any CPU
		{12B5F0CA-ECAC-49AE-9FC1-85BD1EDD5A9D}.Debug|Any CPU.ActiveCfg = Debug|Any CPU
		{12B5F0CA-ECAC-49AE-9FC1-85BD1EDD5A9D}.Debug|Any CPU.Build.0 = Debug|Any CPU
		{12B5F0CA-ECAC-49AE-9FC1-85BD1EDD5A9D}.Release|Any CPU.ActiveCfg = Release|Any CPU
		{12B5F0CA-ECAC-49AE-9FC1-85BD1EDD5A9D}.Release|Any CPU.Build.0 = Release|Any CPU
		{0685F524-104D-48CA-BA8B-8BD1B67BF96A}.Debug|Any CPU.ActiveCfg = Debug|Any CPU
		{0685F524-104D-48CA-BA8B-8BD1B67BF96A}.Debug|Any CPU.Build.0 = Debug|Any CPU
		{0685F524-104D-48CA-BA8B-8BD1B67BF96A}.Release|Any CPU.ActiveCfg = Release|Any CPU
		{0685F524-104D-48CA-BA8B-8BD1B67BF96A}.Release|Any CPU.Build.0 = Release|Any CPU
		{668D4D83-E0D0-4B02-9CF7-906F99846117}.Debug|Any CPU.ActiveCfg = Debug|Any CPU
		{668D4D83-E0D0-4B02-9CF7-906F99846117}.Debug|Any CPU.Build.0 = Debug|Any CPU
		{668D4D83-E0D0-4B02-9CF7-906F99846117}.Release|Any CPU.ActiveCfg = Release|Any CPU
		{668D4D83-E0D0-4B02-9CF7-906F99846117}.Release|Any CPU.Build.0 = Release|Any CPU
		{85C1DE41-DB80-4BE0-9BD6-FE47C40CCF75}.Debug|Any CPU.ActiveCfg = Debug|Any CPU
		{85C1DE41-DB80-4BE0-9BD6-FE47C40CCF75}.Debug|Any CPU.Build.0 = Debug|Any CPU
		{85C1DE41-DB80-4BE0-9BD6-FE47C40CCF75}.Release|Any CPU.ActiveCfg = Release|Any CPU
		{85C1DE41-DB80-4BE0-9BD6-FE47C40CCF75}.Release|Any CPU.Build.0 = Release|Any CPU
		{5D9357F7-65E4-4331-B985-FA2E0376DEF2}.Debug|Any CPU.ActiveCfg = Debug|Any CPU
		{5D9357F7-65E4-4331-B985-FA2E0376DEF2}.Debug|Any CPU.Build.0 = Debug|Any CPU
		{5D9357F7-65E4-4331-B985-FA2E0376DEF2}.Release|Any CPU.ActiveCfg = Release|Any CPU
		{5D9357F7-65E4-4331-B985-FA2E0376DEF2}.Release|Any CPU.Build.0 = Release|Any CPU
		{239154F6-1D7B-491E-A263-2FA0661C177E}.Debug|Any CPU.ActiveCfg = Debug|Any CPU
		{239154F6-1D7B-491E-A263-2FA0661C177E}.Debug|Any CPU.Build.0 = Debug|Any CPU
		{239154F6-1D7B-491E-A263-2FA0661C177E}.Release|Any CPU.ActiveCfg = Release|Any CPU
		{239154F6-1D7B-491E-A263-2FA0661C177E}.Release|Any CPU.Build.0 = Release|Any CPU
	EndGlobalSection
	GlobalSection(SolutionProperties) = preSolution
		HideSolutionNode = FALSE
	EndGlobalSection
	GlobalSection(NestedProjects) = preSolution
		{0FF96330-5CB5-4907-9149-906B508C3242} = {E2F60848-D35A-4266-9E7E-1F60AAA321D9}
		{2991001F-D288-4039-8F8B-7099CD5822A4} = {E2F60848-D35A-4266-9E7E-1F60AAA321D9}
		{12B5F0CA-ECAC-49AE-9FC1-85BD1EDD5A9D} = {E2F60848-D35A-4266-9E7E-1F60AAA321D9}
		{0685F524-104D-48CA-BA8B-8BD1B67BF96A} = {510CE68A-00DE-4317-897F-31F5D93EA69C}
		{668D4D83-E0D0-4B02-9CF7-906F99846117} = {510CE68A-00DE-4317-897F-31F5D93EA69C}
		{85C1DE41-DB80-4BE0-9BD6-FE47C40CCF75} = {510CE68A-00DE-4317-897F-31F5D93EA69C}
		{5D9357F7-65E4-4331-B985-FA2E0376DEF2} = {510CE68A-00DE-4317-897F-31F5D93EA69C}
		{239154F6-1D7B-491E-A263-2FA0661C177E} = {510CE68A-00DE-4317-897F-31F5D93EA69C}
	EndGlobalSection
	GlobalSection(ExtensibilityGlobals) = postSolution
		SolutionGuid = {2F048451-F7E8-4D40-B4D0-8F54084DB384}
	EndGlobalSection
EndGlobal
